
Microsoft Visual Studio Solution File, Format Version 12.00
# Visual Studio Version 17
VisualStudioVersion = 17.8.34330.188
MinimumVisualStudioVersion = 10.0.40219.1
Project("{9A19103F-16F7-4668-BE54-9A1E7A4F7556}") = "Program", "Program.csproj", "{F5522BC8-5520-4199-BD13-E0D95895B539}"
EndProject
Project("{9A19103F-16F7-4668-BE54-9A1E7A4F7556}") = "Class1th (variable)", "..\Class1th (variable)\Class1th (variable).csproj", "{E17DF1A4-9276-4ADB-94E6-B6E397A32801}"
EndProject
Project("{9A19103F-16F7-4668-BE54-9A1E7A4F7556}") = "Class2th (Bit)", "..\Class2th (Bit)\Class2th (Bit).csproj", "{A2E30D7C-12A4-485E-9AF0-DE9EA23280D9}"
EndProject
Project("{9A19103F-16F7-4668-BE54-9A1E7A4F7556}") = "Class3th (Conditional Statement)", "..\Class3th (Conditional Statement)\Class3th (Conditional Statement).csproj", "{FB17F300-C998-45EA-BFA3-727F804C80BA}"
EndProject
Project("{9A19103F-16F7-4668-BE54-9A1E7A4F7556}") = "Class4th (Iteration statement)", "..\Class4th (Iteration statement)\Class4th (Iteration statement).csproj", "{2F45DECC-3D5F-491D-8426-7A22288ECAFD}"
EndProject
Project("{9A19103F-16F7-4668-BE54-9A1E7A4F7556}") = "Class5th (Arrangement)", "..\Class5th (Arrangement)\Class5th (Arrangement).csproj", "{A5BF4DE1-7BB3-4572-A0F6-E1CAA03FC37F}"
EndProject
Project("{9A19103F-16F7-4668-BE54-9A1E7A4F7556}") = "Class6th (Function)", "..\Class6th (Function)\Class6th (Function).csproj", "{AAE60062-0BF4-46C6-AB05-DD8B3F034B41}"
EndProject
Project("{9A19103F-16F7-4668-BE54-9A1E7A4F7556}") = "Class7th (Class)", "..\Class7th (Class)\Class7th (Class).csproj", "{CD2450F3-632C-4F93-A8A4-B7A3BF30F162}"
EndProject
Project("{FAE04EC0-301F-11D3-BF4B-00C04F79EFBC}") = "Class8th (polymophism)", "..\Class8th (polymopism)\Class8th (polymophism).csproj", "{BF5C1E5C-B9D4-4230-8594-3083E9A22409}"
EndProject
Project("{FAE04EC0-301F-11D3-BF4B-00C04F79EFBC}") = "Class9th (Random)", "..\Class9th (Random)\Class9th (Random).csproj", "{BAF4347E-AA92-4FD0-92A0-58A551ABBD8F}"
EndProject
Global
	GlobalSection(SolutionConfigurationPlatforms) = preSolution
		Debug|Any CPU = Debug|Any CPU
		Release|Any CPU = Release|Any CPU
	EndGlobalSection
	GlobalSection(ProjectConfigurationPlatforms) = postSolution
		{F5522BC8-5520-4199-BD13-E0D95895B539}.Debug|Any CPU.ActiveCfg = Debug|Any CPU
		{F5522BC8-5520-4199-BD13-E0D95895B539}.Debug|Any CPU.Build.0 = Debug|Any CPU
		{F5522BC8-5520-4199-BD13-E0D95895B539}.Release|Any CPU.ActiveCfg = Release|Any CPU
		{F5522BC8-5520-4199-BD13-E0D95895B539}.Release|Any CPU.Build.0 = Release|Any CPU
		{E17DF1A4-9276-4ADB-94E6-B6E397A32801}.Debug|Any CPU.ActiveCfg = Debug|Any CPU
		{E17DF1A4-9276-4ADB-94E6-B6E397A32801}.Debug|Any CPU.Build.0 = Debug|Any CPU
		{E17DF1A4-9276-4ADB-94E6-B6E397A32801}.Release|Any CPU.ActiveCfg = Release|Any CPU
		{E17DF1A4-9276-4ADB-94E6-B6E397A32801}.Release|Any CPU.Build.0 = Release|Any CPU
		{A2E30D7C-12A4-485E-9AF0-DE9EA23280D9}.Debug|Any CPU.ActiveCfg = Debug|Any CPU
		{A2E30D7C-12A4-485E-9AF0-DE9EA23280D9}.Debug|Any CPU.Build.0 = Debug|Any CPU
		{A2E30D7C-12A4-485E-9AF0-DE9EA23280D9}.Release|Any CPU.ActiveCfg = Release|Any CPU
		{A2E30D7C-12A4-485E-9AF0-DE9EA23280D9}.Release|Any CPU.Build.0 = Release|Any CPU
		{FB17F300-C998-45EA-BFA3-727F804C80BA}.Debug|Any CPU.ActiveCfg = Debug|Any CPU
		{FB17F300-C998-45EA-BFA3-727F804C80BA}.Debug|Any CPU.Build.0 = Debug|Any CPU
		{FB17F300-C998-45EA-BFA3-727F804C80BA}.Release|Any CPU.ActiveCfg = Release|Any CPU
		{FB17F300-C998-45EA-BFA3-727F804C80BA}.Release|Any CPU.Build.0 = Release|Any CPU
		{2F45DECC-3D5F-491D-8426-7A22288ECAFD}.Debug|Any CPU.ActiveCfg = Debug|Any CPU
		{2F45DECC-3D5F-491D-8426-7A22288ECAFD}.Debug|Any CPU.Build.0 = Debug|Any CPU
		{2F45DECC-3D5F-491D-8426-7A22288ECAFD}.Release|Any CPU.ActiveCfg = Release|Any CPU
		{2F45DECC-3D5F-491D-8426-7A22288ECAFD}.Release|Any CPU.Build.0 = Release|Any CPU
		{A5BF4DE1-7BB3-4572-A0F6-E1CAA03FC37F}.Debug|Any CPU.ActiveCfg = Debug|Any CPU
		{A5BF4DE1-7BB3-4572-A0F6-E1CAA03FC37F}.Debug|Any CPU.Build.0 = Debug|Any CPU
		{A5BF4DE1-7BB3-4572-A0F6-E1CAA03FC37F}.Release|Any CPU.ActiveCfg = Release|Any CPU
		{A5BF4DE1-7BB3-4572-A0F6-E1CAA03FC37F}.Release|Any CPU.Build.0 = Release|Any CPU
		{AAE60062-0BF4-46C6-AB05-DD8B3F034B41}.Debug|Any CPU.ActiveCfg = Debug|Any CPU
		{AAE60062-0BF4-46C6-AB05-DD8B3F034B41}.Debug|Any CPU.Build.0 = Debug|Any CPU
		{AAE60062-0BF4-46C6-AB05-DD8B3F034B41}.Release|Any CPU.ActiveCfg = Release|Any CPU
		{AAE60062-0BF4-46C6-AB05-DD8B3F034B41}.Release|Any CPU.Build.0 = Release|Any CPU
		{CD2450F3-632C-4F93-A8A4-B7A3BF30F162}.Debug|Any CPU.ActiveCfg = Debug|Any CPU
		{CD2450F3-632C-4F93-A8A4-B7A3BF30F162}.Debug|Any CPU.Build.0 = Debug|Any CPU
		{CD2450F3-632C-4F93-A8A4-B7A3BF30F162}.Release|Any CPU.ActiveCfg = Release|Any CPU
		{CD2450F3-632C-4F93-A8A4-B7A3BF30F162}.Release|Any CPU.Build.0 = Release|Any CPU
		{BF5C1E5C-B9D4-4230-8594-3083E9A22409}.Debug|Any CPU.ActiveCfg = Debug|Any CPU
		{BF5C1E5C-B9D4-4230-8594-3083E9A22409}.Debug|Any CPU.Build.0 = Debug|Any CPU
		{BF5C1E5C-B9D4-4230-8594-3083E9A22409}.Release|Any CPU.ActiveCfg = Release|Any CPU
		{BF5C1E5C-B9D4-4230-8594-3083E9A22409}.Release|Any CPU.Build.0 = Release|Any CPU
		{BAF4347E-AA92-4FD0-92A0-58A551ABBD8F}.Debug|Any CPU.ActiveCfg = Debug|Any CPU
		{BAF4347E-AA92-4FD0-92A0-58A551ABBD8F}.Debug|Any CPU.Build.0 = Debug|Any CPU
		{BAF4347E-AA92-4FD0-92A0-58A551ABBD8F}.Release|Any CPU.ActiveCfg = Release|Any CPU
		{BAF4347E-AA92-4FD0-92A0-58A551ABBD8F}.Release|Any CPU.Build.0 = Release|Any CPU
	EndGlobalSection
	GlobalSection(SolutionProperties) = preSolution
		HideSolutionNode = FALSE
	EndGlobalSection
	GlobalSection(ExtensibilityGlobals) = postSolution
		SolutionGuid = {7F733C28-9E1E-4E06-95A0-641E572C14B5}
	EndGlobalSection
EndGlobal
